// !$*UTF8*$!
{
	archiveVersion = 1;
	classes = {
	};
	objectVersion = 56;
	objects = {

/* Begin PBXBuildFile section */
		A406C28A2AEDBB8C003E8377 /* maalendurApp.swift in Sources */ = {isa = PBXBuildFile; fileRef = A406C2892AEDBB8C003E8377 /* maalendurApp.swift */; };
		A406C28C2AEDBB8C003E8377 /* ContentView.swift in Sources */ = {isa = PBXBuildFile; fileRef = A406C28B2AEDBB8C003E8377 /* ContentView.swift */; };
		A406C28E2AEDBB8C003E8377 /* Item.swift in Sources */ = {isa = PBXBuildFile; fileRef = A406C28D2AEDBB8C003E8377 /* Item.swift */; };
		A406C2902AEDBB8D003E8377 /* Assets.xcassets in Resources */ = {isa = PBXBuildFile; fileRef = A406C28F2AEDBB8D003E8377 /* Assets.xcassets */; };
		A406C2932AEDBB8D003E8377 /* Preview Assets.xcassets in Resources */ = {isa = PBXBuildFile; fileRef = A406C2922AEDBB8D003E8377 /* Preview Assets.xcassets */; };
		A406C29D2AEDBB8D003E8377 /* maalendurTests.swift in Sources */ = {isa = PBXBuildFile; fileRef = A406C29C2AEDBB8D003E8377 /* maalendurTests.swift */; };
		A406C2A72AEDBB8D003E8377 /* maalendurUITests.swift in Sources */ = {isa = PBXBuildFile; fileRef = A406C2A62AEDBB8D003E8377 /* maalendurUITests.swift */; };
		A406C2A92AEDBB8D003E8377 /* maalendurUITestsLaunchTests.swift in Sources */ = {isa = PBXBuildFile; fileRef = A406C2A82AEDBB8D003E8377 /* maalendurUITestsLaunchTests.swift */; };
/* End PBXBuildFile section */

/* Begin PBXContainerItemProxy section */
		A406C2992AEDBB8D003E8377 /* PBXContainerItemProxy */ = {
			isa = PBXContainerItemProxy;
			containerPortal = A406C27E2AEDBB8C003E8377 /* Project object */;
			proxyType = 1;
			remoteGlobalIDString = A406C2852AEDBB8C003E8377;
			remoteInfo = maalendur;
		};
		A406C2A32AEDBB8D003E8377 /* PBXContainerItemProxy */ = {
			isa = PBXContainerItemProxy;
			containerPortal = A406C27E2AEDBB8C003E8377 /* Project object */;
			proxyType = 1;
			remoteGlobalIDString = A406C2852AEDBB8C003E8377;
			remoteInfo = maalendur;
		};
/* End PBXContainerItemProxy section */

/* Begin PBXFileReference section */
		A406C2862AEDBB8C003E8377 /* maalendur.app */ = {isa = PBXFileReference; explicitFileType = wrapper.application; includeInIndex = 0; path = maalendur.app; sourceTree = BUILT_PRODUCTS_DIR; };
		A406C2892AEDBB8C003E8377 /* maalendurApp.swift */ = {isa = PBXFileReference; lastKnownFileType = sourcecode.swift; path = maalendurApp.swift; sourceTree = "<group>"; };
		A406C28B2AEDBB8C003E8377 /* ContentView.swift */ = {isa = PBXFileReference; lastKnownFileType = sourcecode.swift; path = ContentView.swift; sourceTree = "<group>"; };
		A406C28D2AEDBB8C003E8377 /* Item.swift */ = {isa = PBXFileReference; lastKnownFileType = sourcecode.swift; path = Item.swift; sourceTree = "<group>"; };
		A406C28F2AEDBB8D003E8377 /* Assets.xcassets */ = {isa = PBXFileReference; lastKnownFileType = folder.assetcatalog; path = Assets.xcassets; sourceTree = "<group>"; };
		A406C2922AEDBB8D003E8377 /* Preview Assets.xcassets */ = {isa = PBXFileReference; lastKnownFileType = folder.assetcatalog; path = "Preview Assets.xcassets"; sourceTree = "<group>"; };
		A406C2982AEDBB8D003E8377 /* maalendurTests.xctest */ = {isa = PBXFileReference; explicitFileType = wrapper.cfbundle; includeInIndex = 0; path = maalendurTests.xctest; sourceTree = BUILT_PRODUCTS_DIR; };
		A406C29C2AEDBB8D003E8377 /* maalendurTests.swift */ = {isa = PBXFileReference; lastKnownFileType = sourcecode.swift; path = maalendurTests.swift; sourceTree = "<group>"; };
		A406C2A22AEDBB8D003E8377 /* maalendurUITests.xctest */ = {isa = PBXFileReference; explicitFileType = wrapper.cfbundle; includeInIndex = 0; path = maalendurUITests.xctest; sourceTree = BUILT_PRODUCTS_DIR; };
		A406C2A62AEDBB8D003E8377 /* maalendurUITests.swift */ = {isa = PBXFileReference; lastKnownFileType = sourcecode.swift; path = maalendurUITests.swift; sourceTree = "<group>"; };
		A406C2A82AEDBB8D003E8377 /* maalendurUITestsLaunchTests.swift */ = {isa = PBXFileReference; lastKnownFileType = sourcecode.swift; path = maalendurUITestsLaunchTests.swift; sourceTree = "<group>"; };
/* End PBXFileReference section */

/* Begin PBXFrameworksBuildPhase section */
		A406C2832AEDBB8C003E8377 /* Frameworks */ = {
			isa = PBXFrameworksBuildPhase;
			buildActionMask = 2147483647;
			files = (
			);
			runOnlyForDeploymentPostprocessing = 0;
		};
		A406C2952AEDBB8D003E8377 /* Frameworks */ = {
			isa = PBXFrameworksBuildPhase;
			buildActionMask = 2147483647;
			files = (
			);
			runOnlyForDeploymentPostprocessing = 0;
		};
		A406C29F2AEDBB8D003E8377 /* Frameworks */ = {
			isa = PBXFrameworksBuildPhase;
			buildActionMask = 2147483647;
			files = (
			);
			runOnlyForDeploymentPostprocessing = 0;
		};
/* End PBXFrameworksBuildPhase section */

/* Begin PBXGroup section */
		A406C27D2AEDBB8C003E8377 = {
			isa = PBXGroup;
			children = (
				A406C2882AEDBB8C003E8377 /* maalendur */,
				A406C29B2AEDBB8D003E8377 /* maalendurTests */,
				A406C2A52AEDBB8D003E8377 /* maalendurUITests */,
				A406C2872AEDBB8C003E8377 /* Products */,
			);
			sourceTree = "<group>";
		};
		A406C2872AEDBB8C003E8377 /* Products */ = {
			isa = PBXGroup;
			children = (
				A406C2862AEDBB8C003E8377 /* maalendur.app */,
				A406C2982AEDBB8D003E8377 /* maalendurTests.xctest */,
				A406C2A22AEDBB8D003E8377 /* maalendurUITests.xctest */,
			);
			name = Products;
			sourceTree = "<group>";
		};
		A406C2882AEDBB8C003E8377 /* maalendur */ = {
			isa = PBXGroup;
			children = (
				A406C2892AEDBB8C003E8377 /* maalendurApp.swift */,
				A406C28B2AEDBB8C003E8377 /* ContentView.swift */,
				A406C28D2AEDBB8C003E8377 /* Item.swift */,
				A406C28F2AEDBB8D003E8377 /* Assets.xcassets */,
				A406C2912AEDBB8D003E8377 /* Preview Content */,
			);
			path = maalendur;
			sourceTree = "<group>";
		};
		A406C2912AEDBB8D003E8377 /* Preview Content */ = {
			isa = PBXGroup;
			children = (
				A406C2922AEDBB8D003E8377 /* Preview Assets.xcassets */,
			);
			path = "Preview Content";
			sourceTree = "<group>";
		};
		A406C29B2AEDBB8D003E8377 /* maalendurTests */ = {
			isa = PBXGroup;
			children = (
				A406C29C2AEDBB8D003E8377 /* maalendurTests.swift */,
			);
			path = maalendurTests;
			sourceTree = "<group>";
		};
		A406C2A52AEDBB8D003E8377 /* maalendurUITests */ = {
			isa = PBXGroup;
			children = (
				A406C2A62AEDBB8D003E8377 /* maalendurUITests.swift */,
				A406C2A82AEDBB8D003E8377 /* maalendurUITestsLaunchTests.swift */,
			);
			path = maalendurUITests;
			sourceTree = "<group>";
		};
/* End PBXGroup section */

/* Begin PBXNativeTarget section */
		A406C2852AEDBB8C003E8377 /* maalendur */ = {
			isa = PBXNativeTarget;
			buildConfigurationList = A406C2AC2AEDBB8D003E8377 /* Build configuration list for PBXNativeTarget "maalendur" */;
			buildPhases = (
				A406C2822AEDBB8C003E8377 /* Sources */,
				A406C2832AEDBB8C003E8377 /* Frameworks */,
				A406C2842AEDBB8C003E8377 /* Resources */,
			);
			buildRules = (
			);
			dependencies = (
			);
			name = maalendur;
			productName = maalendur;
			productReference = A406C2862AEDBB8C003E8377 /* maalendur.app */;
			productType = "com.apple.product-type.application";
		};
		A406C2972AEDBB8D003E8377 /* maalendurTests */ = {
			isa = PBXNativeTarget;
			buildConfigurationList = A406C2AF2AEDBB8D003E8377 /* Build configuration list for PBXNativeTarget "maalendurTests" */;
			buildPhases = (
				A406C2942AEDBB8D003E8377 /* Sources */,
				A406C2952AEDBB8D003E8377 /* Frameworks */,
				A406C2962AEDBB8D003E8377 /* Resources */,
			);
			buildRules = (
			);
			dependencies = (
				A406C29A2AEDBB8D003E8377 /* PBXTargetDependency */,
			);
			name = maalendurTests;
			productName = maalendurTests;
			productReference = A406C2982AEDBB8D003E8377 /* maalendurTests.xctest */;
			productType = "com.apple.product-type.bundle.unit-test";
		};
		A406C2A12AEDBB8D003E8377 /* maalendurUITests */ = {
			isa = PBXNativeTarget;
			buildConfigurationList = A406C2B22AEDBB8D003E8377 /* Build configuration list for PBXNativeTarget "maalendurUITests" */;
			buildPhases = (
				A406C29E2AEDBB8D003E8377 /* Sources */,
				A406C29F2AEDBB8D003E8377 /* Frameworks */,
				A406C2A02AEDBB8D003E8377 /* Resources */,
			);
			buildRules = (
			);
			dependencies = (
				A406C2A42AEDBB8D003E8377 /* PBXTargetDependency */,
			);
			name = maalendurUITests;
			productName = maalendurUITests;
			productReference = A406C2A22AEDBB8D003E8377 /* maalendurUITests.xctest */;
			productType = "com.apple.product-type.bundle.ui-testing";
		};
/* End PBXNativeTarget section */

/* Begin PBXProject section */
		A406C27E2AEDBB8C003E8377 /* Project object */ = {
			isa = PBXProject;
			attributes = {
				BuildIndependentTargetsInParallel = 1;
				LastSwiftUpdateCheck = 1500;
				LastUpgradeCheck = 1500;
				TargetAttributes = {
					A406C2852AEDBB8C003E8377 = {
						CreatedOnToolsVersion = 15.0.1;
					};
					A406C2972AEDBB8D003E8377 = {
						CreatedOnToolsVersion = 15.0.1;
						TestTargetID = A406C2852AEDBB8C003E8377;
					};
					A406C2A12AEDBB8D003E8377 = {
						CreatedOnToolsVersion = 15.0.1;
						TestTargetID = A406C2852AEDBB8C003E8377;
					};
				};
			};
			buildConfigurationList = A406C2812AEDBB8C003E8377 /* Build configuration list for PBXProject "maalendur" */;
			compatibilityVersion = "Xcode 14.0";
			developmentRegion = en;
			hasScannedForEncodings = 0;
			knownRegions = (
				en,
				Base,
			);
			mainGroup = A406C27D2AEDBB8C003E8377;
			productRefGroup = A406C2872AEDBB8C003E8377 /* Products */;
			projectDirPath = "";
			projectRoot = "";
			targets = (
				A406C2852AEDBB8C003E8377 /* maalendur */,
				A406C2972AEDBB8D003E8377 /* maalendurTests */,
				A406C2A12AEDBB8D003E8377 /* maalendurUITests */,
			);
		};
/* End PBXProject section */

/* Begin PBXResourcesBuildPhase section */
		A406C2842AEDBB8C003E8377 /* Resources */ = {
			isa = PBXResourcesBuildPhase;
			buildActionMask = 2147483647;
			files = (
				A406C2932AEDBB8D003E8377 /* Preview Assets.xcassets in Resources */,
				A406C2902AEDBB8D003E8377 /* Assets.xcassets in Resources */,
			);
			runOnlyForDeploymentPostprocessing = 0;
		};
		A406C2962AEDBB8D003E8377 /* Resources */ = {
			isa = PBXResourcesBuildPhase;
			buildActionMask = 2147483647;
			files = (
			);
			runOnlyForDeploymentPostprocessing = 0;
		};
		A406C2A02AEDBB8D003E8377 /* Resources */ = {
			isa = PBXResourcesBuildPhase;
			buildActionMask = 2147483647;
			files = (
			);
			runOnlyForDeploymentPostprocessing = 0;
		};
/* End PBXResourcesBuildPhase section */

/* Begin PBXSourcesBuildPhase section */
		A406C2822AEDBB8C003E8377 /* Sources */ = {
			isa = PBXSourcesBuildPhase;
			buildActionMask = 2147483647;
			files = (
				A406C28C2AEDBB8C003E8377 /* ContentView.swift in Sources */,
				A406C28E2AEDBB8C003E8377 /* Item.swift in Sources */,
				A406C28A2AEDBB8C003E8377 /* maalendurApp.swift in Sources */,
			);
			runOnlyForDeploymentPostprocessing = 0;
		};
		A406C2942AEDBB8D003E8377 /* Sources */ = {
			isa = PBXSourcesBuildPhase;
			buildActionMask = 2147483647;
			files = (
				A406C29D2AEDBB8D003E8377 /* maalendurTests.swift in Sources */,
			);
			runOnlyForDeploymentPostprocessing = 0;
		};
		A406C29E2AEDBB8D003E8377 /* Sources */ = {
			isa = PBXSourcesBuildPhase;
			buildActionMask = 2147483647;
			files = (
				A406C2A92AEDBB8D003E8377 /* maalendurUITestsLaunchTests.swift in Sources */,
				A406C2A72AEDBB8D003E8377 /* maalendurUITests.swift in Sources */,
			);
			runOnlyForDeploymentPostprocessing = 0;
		};
/* End PBXSourcesBuildPhase section */

/* Begin PBXTargetDependency section */
		A406C29A2AEDBB8D003E8377 /* PBXTargetDependency */ = {
			isa = PBXTargetDependency;
			target = A406C2852AEDBB8C003E8377 /* maalendur */;
			targetProxy = A406C2992AEDBB8D003E8377 /* PBXContainerItemProxy */;
		};
		A406C2A42AEDBB8D003E8377 /* PBXTargetDependency */ = {
			isa = PBXTargetDependency;
			target = A406C2852AEDBB8C003E8377 /* maalendur */;
			targetProxy = A406C2A32AEDBB8D003E8377 /* PBXContainerItemProxy */;
		};
/* End PBXTargetDependency section */

/* Begin XCBuildConfiguration section */
		A406C2AA2AEDBB8D003E8377 /* Debug */ = {
			isa = XCBuildConfiguration;
			buildSettings = {
				ALWAYS_SEARCH_USER_PATHS = NO;
				ASSETCATALOG_COMPILER_GENERATE_SWIFT_ASSET_SYMBOL_EXTENSIONS = YES;
				CLANG_ANALYZER_NONNULL = YES;
				CLANG_ANALYZER_NUMBER_OBJECT_CONVERSION = YES_AGGRESSIVE;
				CLANG_CXX_LANGUAGE_STANDARD = "gnu++20";
				CLANG_ENABLE_MODULES = YES;
				CLANG_ENABLE_OBJC_ARC = YES;
				CLANG_ENABLE_OBJC_WEAK = YES;
				CLANG_WARN_BLOCK_CAPTURE_AUTORELEASING = YES;
				CLANG_WARN_BOOL_CONVERSION = YES;
				CLANG_WARN_COMMA = YES;
				CLANG_WARN_CONSTANT_CONVERSION = YES;
				CLANG_WARN_DEPRECATED_OBJC_IMPLEMENTATIONS = YES;
				CLANG_WARN_DIRECT_OBJC_ISA_USAGE = YES_ERROR;
				CLANG_WARN_DOCUMENTATION_COMMENTS = YES;
				CLANG_WARN_EMPTY_BODY = YES;
				CLANG_WARN_ENUM_CONVERSION = YES;
				CLANG_WARN_INFINITE_RECURSION = YES;
				CLANG_WARN_INT_CONVERSION = YES;
				CLANG_WARN_NON_LITERAL_NULL_CONVERSION = YES;
				CLANG_WARN_OBJC_IMPLICIT_RETAIN_SELF = YES;
				CLANG_WARN_OBJC_LITERAL_CONVERSION = YES;
				CLANG_WARN_OBJC_ROOT_CLASS = YES_ERROR;
				CLANG_WARN_QUOTED_INCLUDE_IN_FRAMEWORK_HEADER = YES;
				CLANG_WARN_RANGE_LOOP_ANALYSIS = YES;
				CLANG_WARN_STRICT_PROTOTYPES = YES;
				CLANG_WARN_SUSPICIOUS_MOVE = YES;
				CLANG_WARN_UNGUARDED_AVAILABILITY = YES_AGGRESSIVE;
				CLANG_WARN_UNREACHABLE_CODE = YES;
				CLANG_WARN__DUPLICATE_METHOD_MATCH = YES;
				COPY_PHASE_STRIP = NO;
				DEBUG_INFORMATION_FORMAT = dwarf;
				ENABLE_STRICT_OBJC_MSGSEND = YES;
				ENABLE_TESTABILITY = YES;
				ENABLE_USER_SCRIPT_SANDBOXING = YES;
				GCC_C_LANGUAGE_STANDARD = gnu17;
				GCC_DYNAMIC_NO_PIC = NO;
				GCC_NO_COMMON_BLOCKS = YES;
				GCC_OPTIMIZATION_LEVEL = 0;
				GCC_PREPROCESSOR_DEFINITIONS = (
					"DEBUG=1",
					"$(inherited)",
				);
				GCC_WARN_64_TO_32_BIT_CONVERSION = YES;
				GCC_WARN_ABOUT_RETURN_TYPE = YES_ERROR;
				GCC_WARN_UNDECLARED_SELECTOR = YES;
				GCC_WARN_UNINITIALIZED_AUTOS = YES_AGGRESSIVE;
				GCC_WARN_UNUSED_FUNCTION = YES;
				GCC_WARN_UNUSED_VARIABLE = YES;
				IPHONEOS_DEPLOYMENT_TARGET = 17.0;
				LOCALIZATION_PREFERS_STRING_CATALOGS = YES;
				MTL_ENABLE_DEBUG_INFO = INCLUDE_SOURCE;
				MTL_FAST_MATH = YES;
				ONLY_ACTIVE_ARCH = YES;
				SDKROOT = iphoneos;
				SWIFT_ACTIVE_COMPILATION_CONDITIONS = "DEBUG $(inherited)";
				SWIFT_OPTIMIZATION_LEVEL = "-Onone";
			};
			name = Debug;
		};
		A406C2AB2AEDBB8D003E8377 /* Release */ = {
			isa = XCBuildConfiguration;
			buildSettings = {
				ALWAYS_SEARCH_USER_PATHS = NO;
				ASSETCATALOG_COMPILER_GENERATE_SWIFT_ASSET_SYMBOL_EXTENSIONS = YES;
				CLANG_ANALYZER_NONNULL = YES;
				CLANG_ANALYZER_NUMBER_OBJECT_CONVERSION = YES_AGGRESSIVE;
				CLANG_CXX_LANGUAGE_STANDARD = "gnu++20";
				CLANG_ENABLE_MODULES = YES;
				CLANG_ENABLE_OBJC_ARC = YES;
				CLANG_ENABLE_OBJC_WEAK = YES;
				CLANG_WARN_BLOCK_CAPTURE_AUTORELEASING = YES;
				CLANG_WARN_BOOL_CONVERSION = YES;
				CLANG_WARN_COMMA = YES;
				CLANG_WARN_CONSTANT_CONVERSION = YES;
				CLANG_WARN_DEPRECATED_OBJC_IMPLEMENTATIONS = YES;
				CLANG_WARN_DIRECT_OBJC_ISA_USAGE = YES_ERROR;
				CLANG_WARN_DOCUMENTATION_COMMENTS = YES;
				CLANG_WARN_EMPTY_BODY = YES;
				CLANG_WARN_ENUM_CONVERSION = YES;
				CLANG_WARN_INFINITE_RECURSION = YES;
				CLANG_WARN_INT_CONVERSION = YES;
				CLANG_WARN_NON_LITERAL_NULL_CONVERSION = YES;
				CLANG_WARN_OBJC_IMPLICIT_RETAIN_SELF = YES;
				CLANG_WARN_OBJC_LITERAL_CONVERSION = YES;
				CLANG_WARN_OBJC_ROOT_CLASS = YES_ERROR;
				CLANG_WARN_QUOTED_INCLUDE_IN_FRAMEWORK_HEADER = YES;
				CLANG_WARN_RANGE_LOOP_ANALYSIS = YES;
				CLANG_WARN_STRICT_PROTOTYPES = YES;
				CLANG_WARN_SUSPICIOUS_MOVE = YES;
				CLANG_WARN_UNGUARDED_AVAILABILITY = YES_AGGRESSIVE;
				CLANG_WARN_UNREACHABLE_CODE = YES;
				CLANG_WARN__DUPLICATE_METHOD_MATCH = YES;
				COPY_PHASE_STRIP = NO;
				DEBUG_INFORMATION_FORMAT = "dwarf-with-dsym";
				ENABLE_NS_ASSERTIONS = NO;
				ENABLE_STRICT_OBJC_MSGSEND = YES;
				ENABLE_USER_SCRIPT_SANDBOXING = YES;
				GCC_C_LANGUAGE_STANDARD = gnu17;
				GCC_NO_COMMON_BLOCKS = YES;
				GCC_WARN_64_TO_32_BIT_CONVERSION = YES;
				GCC_WARN_ABOUT_RETURN_TYPE = YES_ERROR;
				GCC_WARN_UNDECLARED_SELECTOR = YES;
				GCC_WARN_UNINITIALIZED_AUTOS = YES_AGGRESSIVE;
				GCC_WARN_UNUSED_FUNCTION = YES;
				GCC_WARN_UNUSED_VARIABLE = YES;
				IPHONEOS_DEPLOYMENT_TARGET = 17.0;
				LOCALIZATION_PREFERS_STRING_CATALOGS = YES;
				MTL_ENABLE_DEBUG_INFO = NO;
				MTL_FAST_MATH = YES;
				SDKROOT = iphoneos;
				SWIFT_COMPILATION_MODE = wholemodule;
				VALIDATE_PRODUCT = YES;
			};
			name = Release;
		};
		A406C2AD2AEDBB8D003E8377 /* Debug */ = {
			isa = XCBuildConfiguration;
			buildSettings = {
				ASSETCATALOG_COMPILER_APPICON_NAME = AppIcon;
				ASSETCATALOG_COMPILER_GLOBAL_ACCENT_COLOR_NAME = AccentColor;
				CODE_SIGN_STYLE = Automatic;
				CURRENT_PROJECT_VERSION = 1;
				DEVELOPMENT_ASSET_PATHS = "\"maalendur/Preview Content\"";
				DEVELOPMENT_TEAM = 765T8HLQ5T;
				ENABLE_PREVIEWS = YES;
				GENERATE_INFOPLIST_FILE = YES;
				INFOPLIST_KEY_UIApplicationSceneManifest_Generation = YES;
				INFOPLIST_KEY_UIApplicationSupportsIndirectInputEvents = YES;
				INFOPLIST_KEY_UILaunchScreen_Generation = YES;
				INFOPLIST_KEY_UISupportedInterfaceOrientations_iPad = "UIInterfaceOrientationPortrait UIInterfaceOrientationPortraitUpsideDown UIInterfaceOrientationLandscapeLeft UIInterfaceOrientationLandscapeRight";
				INFOPLIST_KEY_UISupportedInterfaceOrientations_iPhone = "UIInterfaceOrientationPortrait UIInterfaceOrientationLandscapeLeft UIInterfaceOrientationLandscapeRight";
				LD_RUNPATH_SEARCH_PATHS = (
					"$(inherited)",
					"@executable_path/Frameworks",
				);
				MARKETING_VERSION = 1.0;
				PRODUCT_BUNDLE_IDENTIFIER = com.rakdavid.maalendur;
				PRODUCT_NAME = "$(TARGET_NAME)";
				SWIFT_EMIT_LOC_STRINGS = YES;
				SWIFT_VERSION = 5.0;
				TARGETED_DEVICE_FAMILY = "1,2";
			};
			name = Debug;
		};
		A406C2AE2AEDBB8D003E8377 /* Release */ = {
			isa = XCBuildConfiguration;
			buildSettings = {
				ASSETCATALOG_COMPILER_APPICON_NAME = AppIcon;
				ASSETCATALOG_COMPILER_GLOBAL_ACCENT_COLOR_NAME = AccentColor;
				CODE_SIGN_STYLE = Automatic;
				CURRENT_PROJECT_VERSION = 1;
				DEVELOPMENT_ASSET_PATHS = "\"maalendur/Preview Content\"";
				DEVELOPMENT_TEAM = 765T8HLQ5T;
				ENABLE_PREVIEWS = YES;
				GENERATE_INFOPLIST_FILE = YES;
				INFOPLIST_KEY_UIApplicationSceneManifest_Generation = YES;
				INFOPLIST_KEY_UIApplicationSupportsIndirectInputEvents = YES;
				INFOPLIST_KEY_UILaunchScreen_Generation = YES;
				INFOPLIST_KEY_UISupportedInterfaceOrientations_iPad = "UIInterfaceOrientationPortrait UIInterfaceOrientationPortraitUpsideDown UIInterfaceOrientationLandscapeLeft UIInterfaceOrientationLandscapeRight";
				INFOPLIST_KEY_UISupportedInterfaceOrientations_iPhone = "UIInterfaceOrientationPortrait UIInterfaceOrientationLandscapeLeft UIInterfaceOrientationLandscapeRight";
				LD_RUNPATH_SEARCH_PATHS = (
					"$(inherited)",
					"@executable_path/Frameworks",
				);
				MARKETING_VERSION = 1.0;
				PRODUCT_BUNDLE_IDENTIFIER = com.rakdavid.maalendur;
				PRODUCT_NAME = "$(TARGET_NAME)";
				SWIFT_EMIT_LOC_STRINGS = YES;
				SWIFT_VERSION = 5.0;
				TARGETED_DEVICE_FAMILY = "1,2";
			};
			name = Release;
		};
		A406C2B02AEDBB8D003E8377 /* Debug */ = {
			isa = XCBuildConfiguration;
			buildSettings = {
				ALWAYS_EMBED_SWIFT_STANDARD_LIBRARIES = YES;
				BUNDLE_LOADER = "$(TEST_HOST)";
				CODE_SIGN_STYLE = Automatic;
				CURRENT_PROJECT_VERSION = 1;
				DEVELOPMENT_TEAM = 765T8HLQ5T;
				GENERATE_INFOPLIST_FILE = YES;
				IPHONEOS_DEPLOYMENT_TARGET = 17.0;
				MARKETING_VERSION = 1.0;
				PRODUCT_BUNDLE_IDENTIFIER = com.rakdavid.maalendurTests;
				PRODUCT_NAME = "$(TARGET_NAME)";
				SWIFT_EMIT_LOC_STRINGS = NO;
				SWIFT_VERSION = 5.0;
				TARGETED_DEVICE_FAMILY = "1,2";
				TEST_HOST = "$(BUILT_PRODUCTS_DIR)/maalendur.app/$(BUNDLE_EXECUTABLE_FOLDER_PATH)/maalendur";
			};
			name = Debug;
		};
		A406C2B12AEDBB8D003E8377 /* Release */ = {
			isa = XCBuildConfiguration;
			buildSettings = {
				ALWAYS_EMBED_SWIFT_STANDARD_LIBRARIES = YES;
				BUNDLE_LOADER = "$(TEST_HOST)";
				CODE_SIGN_STYLE = Automatic;
				CURRENT_PROJECT_VERSION = 1;
				DEVELOPMENT_TEAM = 765T8HLQ5T;
				GENERATE_INFOPLIST_FILE = YES;
				IPHONEOS_DEPLOYMENT_TARGET = 17.0;
				MARKETING_VERSION = 1.0;
				PRODUCT_BUNDLE_IDENTIFIER = com.rakdavid.maalendurTests;
				PRODUCT_NAME = "$(TARGET_NAME)";
				SWIFT_EMIT_LOC_STRINGS = NO;
				SWIFT_VERSION = 5.0;
				TARGETED_DEVICE_FAMILY = "1,2";
				TEST_HOST = "$(BUILT_PRODUCTS_DIR)/maalendur.app/$(BUNDLE_EXECUTABLE_FOLDER_PATH)/maalendur";
			};
			name = Release;
		};
		A406C2B32AEDBB8D003E8377 /* Debug */ = {
			isa = XCBuildConfiguration;
			buildSettings = {
				ALWAYS_EMBED_SWIFT_STANDARD_LIBRARIES = YES;
				CODE_SIGN_STYLE = Automatic;
				CURRENT_PROJECT_VERSION = 1;
				DEVELOPMENT_TEAM = 765T8HLQ5T;
				GENERATE_INFOPLIST_FILE = YES;
				MARKETING_VERSION = 1.0;
				PRODUCT_BUNDLE_IDENTIFIER = com.rakdavid.maalendurUITests;
				PRODUCT_NAME = "$(TARGET_NAME)";
				SWIFT_EMIT_LOC_STRINGS = NO;
				SWIFT_VERSION = 5.0;
				TARGETED_DEVICE_FAMILY = "1,2";
				TEST_TARGET_NAME = maalendur;
			};
			name = Debug;
		};
		A406C2B42AEDBB8D003E8377 /* Release */ = {
			isa = XCBuildConfiguration;
			buildSettings = {
				ALWAYS_EMBED_SWIFT_STANDARD_LIBRARIES = YES;
				CODE_SIGN_STYLE = Automatic;
				CURRENT_PROJECT_VERSION = 1;
				DEVELOPMENT_TEAM = 765T8HLQ5T;
				GENERATE_INFOPLIST_FILE = YES;
				MARKETING_VERSION = 1.0;
				PRODUCT_BUNDLE_IDENTIFIER = com.rakdavid.maalendurUITests;
				PRODUCT_NAME = "$(TARGET_NAME)";
				SWIFT_EMIT_LOC_STRINGS = NO;
				SWIFT_VERSION = 5.0;
				TARGETED_DEVICE_FAMILY = "1,2";
				TEST_TARGET_NAME = maalendur;
			};
			name = Release;
		};
/* End XCBuildConfiguration section */

/* Begin XCConfigurationList section */
		A406C2812AEDBB8C003E8377 /* Build configuration list for PBXProject "maalendur" */ = {
			isa = XCConfigurationList;
			buildConfigurations = (
				A406C2AA2AEDBB8D003E8377 /* Debug */,
				A406C2AB2AEDBB8D003E8377 /* Release */,
			);
			defaultConfigurationIsVisible = 0;
			defaultConfigurationName = Release;
		};
		A406C2AC2AEDBB8D003E8377 /* Build configuration list for PBXNativeTarget "maalendur" */ = {
			isa = XCConfigurationList;
			buildConfigurations = (
				A406C2AD2AEDBB8D003E8377 /* Debug */,
				A406C2AE2AEDBB8D003E8377 /* Release */,
			);
			defaultConfigurationIsVisible = 0;
			defaultConfigurationName = Release;
		};
		A406C2AF2AEDBB8D003E8377 /* Build configuration list for PBXNativeTarget "maalendurTests" */ = {
			isa = XCConfigurationList;
			buildConfigurations = (
				A406C2B02AEDBB8D003E8377 /* Debug */,
				A406C2B12AEDBB8D003E8377 /* Release */,
			);
			defaultConfigurationIsVisible = 0;
			defaultConfigurationName = Release;
		};
		A406C2B22AEDBB8D003E8377 /* Build configuration list for PBXNativeTarget "maalendurUITests" */ = {
			isa = XCConfigurationList;
			buildConfigurations = (
				A406C2B32AEDBB8D003E8377 /* Debug */,
				A406C2B42AEDBB8D003E8377 /* Release */,
			);
			defaultConfigurationIsVisible = 0;
			defaultConfigurationName = Release;
		};
/* End XCConfigurationList section */
	};
	rootObject = A406C27E2AEDBB8C003E8377 /* Project object */;
}
