// !$*UTF8*$!
{
	archiveVersion = 1;
	classes = {
	};
	objectVersion = 56;
	objects = {

/* Begin PBXBuildFile section */
		A406C28A2AEDBB8C003E8377 /* maalendurApp.swift in Sources */ = {isa = PBXBuildFile; fileRef = A406C2892AEDBB8C003E8377 /* maalendurApp.swift */; };
		A406C28C2AEDBB8C003E8377 /* HomeView.swift in Sources */ = {isa = PBXBuildFile; fileRef = A406C28B2AEDBB8C003E8377 /* HomeView.swift */; };
		A406C28E2AEDBB8C003E8377 /* GlycemiaLogRecord.swift in Sources */ = {isa = PBXBuildFile; fileRef = A406C28D2AEDBB8C003E8377 /* GlycemiaLogRecord.swift */; };
		A406C2902AEDBB8D003E8377 /* Assets.xcassets in Resources */ = {isa = PBXBuildFile; fileRef = A406C28F2AEDBB8D003E8377 /* Assets.xcassets */; };
		A406C2932AEDBB8D003E8377 /* Preview Assets.xcassets in Resources */ = {isa = PBXBuildFile; fileRef = A406C2922AEDBB8D003E8377 /* Preview Assets.xcassets */; };
		A406C29D2AEDBB8D003E8377 /* maalendurTests.swift in Sources */ = {isa = PBXBuildFile; fileRef = A406C29C2AEDBB8D003E8377 /* maalendurTests.swift */; };
		A406C2A72AEDBB8D003E8377 /* maalendurUITests.swift in Sources */ = {isa = PBXBuildFile; fileRef = A406C2A62AEDBB8D003E8377 /* maalendurUITests.swift */; };
		A406C2A92AEDBB8D003E8377 /* maalendurUITestsLaunchTests.swift in Sources */ = {isa = PBXBuildFile; fileRef = A406C2A82AEDBB8D003E8377 /* maalendurUITestsLaunchTests.swift */; };
		A40D9E5F2AF30B1E00E0603B /* GlycemiaLogView.swift in Sources */ = {isa = PBXBuildFile; fileRef = A40D9E5E2AF30B1E00E0603B /* GlycemiaLogView.swift */; };
		A413F4222AFD7D1E008DE370 /* DateExtension.swift in Sources */ = {isa = PBXBuildFile; fileRef = A413F4212AFD7D1E008DE370 /* DateExtension.swift */; };
		A424DACD2AF6FF970078C901 /* EditGlycemiaLogRecord.swift in Sources */ = {isa = PBXBuildFile; fileRef = A424DACC2AF6FF970078C901 /* EditGlycemiaLogRecord.swift */; };
		A4250F302AF5A459001AFD5B /* Localizable.xcstrings in Resources */ = {isa = PBXBuildFile; fileRef = A4250F2F2AF5A459001AFD5B /* Localizable.xcstrings */; };
		A42B680D2AFC2BDF003D5DB3 /* GlycemiaSetFilterView.swift in Sources */ = {isa = PBXBuildFile; fileRef = A42B680C2AFC2BDF003D5DB3 /* GlycemiaSetFilterView.swift */; };
		A4396B362AEF0EFA00B17470 /* ButtonLabelBasicStyle.swift in Sources */ = {isa = PBXBuildFile; fileRef = A4396B352AEF0EFA00B17470 /* ButtonLabelBasicStyle.swift */; };
		A45EAF4A2B022E02002DC9B2 /* GlycemiaListElementView.swift in Sources */ = {isa = PBXBuildFile; fileRef = A45EAF492B022E02002DC9B2 /* GlycemiaListElementView.swift */; };
		A498F2C72AFAFB4100DE8A4F /* TimeFormatService.swift in Sources */ = {isa = PBXBuildFile; fileRef = A498F2C62AFAFB4100DE8A4F /* TimeFormatService.swift */; };
		A4C1D85D2B010D6100FA35B7 /* ButtonLabelDisabledStyle.swift in Sources */ = {isa = PBXBuildFile; fileRef = A4C1D85C2B010D6100FA35B7 /* ButtonLabelDisabledStyle.swift */; };
		A4C976E82AEDDE2D00B24C38 /* MeasurementDaytime.swift in Sources */ = {isa = PBXBuildFile; fileRef = A4C976E72AEDDE2D00B24C38 /* MeasurementDaytime.swift */; };
/* End PBXBuildFile section */

/* Begin PBXContainerItemProxy section */
		A406C2992AEDBB8D003E8377 /* PBXContainerItemProxy */ = {
			isa = PBXContainerItemProxy;
			containerPortal = A406C27E2AEDBB8C003E8377 /* Project object */;
			proxyType = 1;
			remoteGlobalIDString = A406C2852AEDBB8C003E8377;
			remoteInfo = maalendur;
		};
		A406C2A32AEDBB8D003E8377 /* PBXContainerItemProxy */ = {
			isa = PBXContainerItemProxy;
			containerPortal = A406C27E2AEDBB8C003E8377 /* Project object */;
			proxyType = 1;
			remoteGlobalIDString = A406C2852AEDBB8C003E8377;
			remoteInfo = maalendur;
		};
/* End PBXContainerItemProxy section */

/* Begin PBXFileReference section */
		A406C2862AEDBB8C003E8377 /* maalendur.app */ = {isa = PBXFileReference; explicitFileType = wrapper.application; includeInIndex = 0; path = maalendur.app; sourceTree = BUILT_PRODUCTS_DIR; };
		A406C2892AEDBB8C003E8377 /* maalendurApp.swift */ = {isa = PBXFileReference; lastKnownFileType = sourcecode.swift; path = maalendurApp.swift; sourceTree = "<group>"; };
		A406C28B2AEDBB8C003E8377 /* HomeView.swift */ = {isa = PBXFileReference; lastKnownFileType = sourcecode.swift; path = HomeView.swift; sourceTree = "<group>"; };
		A406C28D2AEDBB8C003E8377 /* GlycemiaLogRecord.swift */ = {isa = PBXFileReference; lastKnownFileType = sourcecode.swift; path = GlycemiaLogRecord.swift; sourceTree = "<group>"; };
		A406C28F2AEDBB8D003E8377 /* Assets.xcassets */ = {isa = PBXFileReference; lastKnownFileType = folder.assetcatalog; path = Assets.xcassets; sourceTree = "<group>"; };
		A406C2922AEDBB8D003E8377 /* Preview Assets.xcassets */ = {isa = PBXFileReference; lastKnownFileType = folder.assetcatalog; path = "Preview Assets.xcassets"; sourceTree = "<group>"; };
		A406C2982AEDBB8D003E8377 /* maalendurTests.xctest */ = {isa = PBXFileReference; explicitFileType = wrapper.cfbundle; includeInIndex = 0; path = maalendurTests.xctest; sourceTree = BUILT_PRODUCTS_DIR; };
		A406C29C2AEDBB8D003E8377 /* maalendurTests.swift */ = {isa = PBXFileReference; lastKnownFileType = sourcecode.swift; path = maalendurTests.swift; sourceTree = "<group>"; };
		A406C2A22AEDBB8D003E8377 /* maalendurUITests.xctest */ = {isa = PBXFileReference; explicitFileType = wrapper.cfbundle; includeInIndex = 0; path = maalendurUITests.xctest; sourceTree = BUILT_PRODUCTS_DIR; };
		A406C2A62AEDBB8D003E8377 /* maalendurUITests.swift */ = {isa = PBXFileReference; lastKnownFileType = sourcecode.swift; path = maalendurUITests.swift; sourceTree = "<group>"; };
		A406C2A82AEDBB8D003E8377 /* maalendurUITestsLaunchTests.swift */ = {isa = PBXFileReference; lastKnownFileType = sourcecode.swift; path = maalendurUITestsLaunchTests.swift; sourceTree = "<group>"; };
		A40D9E5E2AF30B1E00E0603B /* GlycemiaLogView.swift */ = {isa = PBXFileReference; lastKnownFileType = sourcecode.swift; path = GlycemiaLogView.swift; sourceTree = "<group>"; };
		A413F4212AFD7D1E008DE370 /* DateExtension.swift */ = {isa = PBXFileReference; lastKnownFileType = sourcecode.swift; path = DateExtension.swift; sourceTree = "<group>"; };
		A424DACB2AF6CF520078C901 /* MyPlayground.playground */ = {isa = PBXFileReference; lastKnownFileType = file.playground; path = MyPlayground.playground; sourceTree = "<group>"; xcLanguageSpecificationIdentifier = xcode.lang.swift; };
		A424DACC2AF6FF970078C901 /* EditGlycemiaLogRecord.swift */ = {isa = PBXFileReference; lastKnownFileType = sourcecode.swift; path = EditGlycemiaLogRecord.swift; sourceTree = "<group>"; };
		A4250F2F2AF5A459001AFD5B /* Localizable.xcstrings */ = {isa = PBXFileReference; lastKnownFileType = text.json.xcstrings; path = Localizable.xcstrings; sourceTree = "<group>"; };
		A42B680C2AFC2BDF003D5DB3 /* GlycemiaSetFilterView.swift */ = {isa = PBXFileReference; lastKnownFileType = sourcecode.swift; path = GlycemiaSetFilterView.swift; sourceTree = "<group>"; };
		A4396B352AEF0EFA00B17470 /* ButtonLabelBasicStyle.swift */ = {isa = PBXFileReference; lastKnownFileType = sourcecode.swift; path = ButtonLabelBasicStyle.swift; sourceTree = "<group>"; };
		A45BC3662AFE326400CC59EB /* Info.plist */ = {isa = PBXFileReference; lastKnownFileType = text.plist; path = Info.plist; sourceTree = "<group>"; };
		A45EAF492B022E02002DC9B2 /* GlycemiaListElementView.swift */ = {isa = PBXFileReference; lastKnownFileType = sourcecode.swift; path = GlycemiaListElementView.swift; sourceTree = "<group>"; };
		A46EED592AFE76DD006E7918 /* maalendur.entitlements */ = {isa = PBXFileReference; lastKnownFileType = text.plist.entitlements; path = maalendur.entitlements; sourceTree = "<group>"; };
		A498F2C62AFAFB4100DE8A4F /* TimeFormatService.swift */ = {isa = PBXFileReference; lastKnownFileType = sourcecode.swift; path = TimeFormatService.swift; sourceTree = "<group>"; };
		A4C1D85C2B010D6100FA35B7 /* ButtonLabelDisabledStyle.swift */ = {isa = PBXFileReference; lastKnownFileType = sourcecode.swift; path = ButtonLabelDisabledStyle.swift; sourceTree = "<group>"; };
		A4C976E72AEDDE2D00B24C38 /* MeasurementDaytime.swift */ = {isa = PBXFileReference; lastKnownFileType = sourcecode.swift; path = MeasurementDaytime.swift; sourceTree = "<group>"; };
/* End PBXFileReference section */

/* Begin PBXFrameworksBuildPhase section */
		A406C2832AEDBB8C003E8377 /* Frameworks */ = {
			isa = PBXFrameworksBuildPhase;
			buildActionMask = 2147483647;
			files = (
			);
			runOnlyForDeploymentPostprocessing = 0;
		};
		A406C2952AEDBB8D003E8377 /* Frameworks */ = {
			isa = PBXFrameworksBuildPhase;
			buildActionMask = 2147483647;
			files = (
			);
			runOnlyForDeploymentPostprocessing = 0;
		};
		A406C29F2AEDBB8D003E8377 /* Frameworks */ = {
			isa = PBXFrameworksBuildPhase;
			buildActionMask = 2147483647;
			files = (
			);
			runOnlyForDeploymentPostprocessing = 0;
		};
/* End PBXFrameworksBuildPhase section */

/* Begin PBXGroup section */
		A406C27D2AEDBB8C003E8377 = {
			isa = PBXGroup;
			children = (
				A424DACB2AF6CF520078C901 /* MyPlayground.playground */,
				A406C2882AEDBB8C003E8377 /* maalendur */,
				A406C29B2AEDBB8D003E8377 /* maalendurTests */,
				A406C2A52AEDBB8D003E8377 /* maalendurUITests */,
				A406C2872AEDBB8C003E8377 /* Products */,
			);
			sourceTree = "<group>";
		};
		A406C2872AEDBB8C003E8377 /* Products */ = {
			isa = PBXGroup;
			children = (
				A406C2862AEDBB8C003E8377 /* maalendur.app */,
				A406C2982AEDBB8D003E8377 /* maalendurTests.xctest */,
				A406C2A22AEDBB8D003E8377 /* maalendurUITests.xctest */,
			);
			name = Products;
			sourceTree = "<group>";
		};
		A406C2882AEDBB8C003E8377 /* maalendur */ = {
			isa = PBXGroup;
			children = (
				A46EED592AFE76DD006E7918 /* maalendur.entitlements */,
				A45BC3662AFE326400CC59EB /* Info.plist */,
				A424DACA2AF68E6E0078C901 /* Assets */,
				A4C976E62AEDDD3700B24C38 /* Models */,
				A4C976EA2AEDE03C00B24C38 /* ViewModels */,
				A4C976E92AEDE02600B24C38 /* Views */,
				A498F2C52AFAFAEF00DE8A4F /* Services */,
				A406C2892AEDBB8C003E8377 /* maalendurApp.swift */,
				A406C2912AEDBB8D003E8377 /* Preview Content */,
			);
			path = maalendur;
			sourceTree = "<group>";
		};
		A406C2912AEDBB8D003E8377 /* Preview Content */ = {
			isa = PBXGroup;
			children = (
				A406C2922AEDBB8D003E8377 /* Preview Assets.xcassets */,
			);
			path = "Preview Content";
			sourceTree = "<group>";
		};
		A406C29B2AEDBB8D003E8377 /* maalendurTests */ = {
			isa = PBXGroup;
			children = (
				A406C29C2AEDBB8D003E8377 /* maalendurTests.swift */,
			);
			path = maalendurTests;
			sourceTree = "<group>";
		};
		A406C2A52AEDBB8D003E8377 /* maalendurUITests */ = {
			isa = PBXGroup;
			children = (
				A406C2A62AEDBB8D003E8377 /* maalendurUITests.swift */,
				A406C2A82AEDBB8D003E8377 /* maalendurUITestsLaunchTests.swift */,
			);
			path = maalendurUITests;
			sourceTree = "<group>";
		};
		A40D9E5B2AF30A4B00E0603B /* Elements */ = {
			isa = PBXGroup;
			children = (
			);
			path = Elements;
			sourceTree = "<group>";
		};
		A424DACA2AF68E6E0078C901 /* Assets */ = {
			isa = PBXGroup;
			children = (
				A406C28F2AEDBB8D003E8377 /* Assets.xcassets */,
				A4250F2F2AF5A459001AFD5B /* Localizable.xcstrings */,
			);
			path = Assets;
			sourceTree = "<group>";
		};
		A4396B312AEEF5B500B17470 /* Enums */ = {
			isa = PBXGroup;
			children = (
				A4C976E72AEDDE2D00B24C38 /* MeasurementDaytime.swift */,
			);
			path = Enums;
			sourceTree = "<group>";
		};
		A4396B322AEF012900B17470 /* Styles */ = {
			isa = PBXGroup;
			children = (
				A4396B352AEF0EFA00B17470 /* ButtonLabelBasicStyle.swift */,
				A4C1D85C2B010D6100FA35B7 /* ButtonLabelDisabledStyle.swift */,
			);
			path = Styles;
			sourceTree = "<group>";
		};
		A498F2C52AFAFAEF00DE8A4F /* Services */ = {
			isa = PBXGroup;
			children = (
				A498F2C62AFAFB4100DE8A4F /* TimeFormatService.swift */,
				A413F4212AFD7D1E008DE370 /* DateExtension.swift */,
			);
			path = Services;
			sourceTree = "<group>";
		};
		A4C976E62AEDDD3700B24C38 /* Models */ = {
			isa = PBXGroup;
			children = (
				A4396B312AEEF5B500B17470 /* Enums */,
				A406C28D2AEDBB8C003E8377 /* GlycemiaLogRecord.swift */,
			);
			path = Models;
			sourceTree = "<group>";
		};
		A4C976E92AEDE02600B24C38 /* Views */ = {
			isa = PBXGroup;
			children = (
				A40D9E5B2AF30A4B00E0603B /* Elements */,
				A4396B322AEF012900B17470 /* Styles */,
				A424DACC2AF6FF970078C901 /* EditGlycemiaLogRecord.swift */,
				A40D9E5E2AF30B1E00E0603B /* GlycemiaLogView.swift */,
				A42B680C2AFC2BDF003D5DB3 /* GlycemiaSetFilterView.swift */,
				A406C28B2AEDBB8C003E8377 /* HomeView.swift */,
				A45EAF492B022E02002DC9B2 /* GlycemiaListElementView.swift */,
			);
			path = Views;
			sourceTree = "<group>";
		};
		A4C976EA2AEDE03C00B24C38 /* ViewModels */ = {
			isa = PBXGroup;
			children = (
			);
			path = ViewModels;
			sourceTree = "<group>";
		};
/* End PBXGroup section */

/* Begin PBXNativeTarget section */
		A406C2852AEDBB8C003E8377 /* maalendur */ = {
			isa = PBXNativeTarget;
			buildConfigurationList = A406C2AC2AEDBB8D003E8377 /* Build configuration list for PBXNativeTarget "maalendur" */;
			buildPhases = (
				A406C2822AEDBB8C003E8377 /* Sources */,
				A406C2832AEDBB8C003E8377 /* Frameworks */,
				A406C2842AEDBB8C003E8377 /* Resources */,
			);
			buildRules = (
			);
			dependencies = (
			);
			name = maalendur;
			productName = maalendur;
			productReference = A406C2862AEDBB8C003E8377 /* maalendur.app */;
			productType = "com.apple.product-type.application";
		};
		A406C2972AEDBB8D003E8377 /* maalendurTests */ = {
			isa = PBXNativeTarget;
			buildConfigurationList = A406C2AF2AEDBB8D003E8377 /* Build configuration list for PBXNativeTarget "maalendurTests" */;
			buildPhases = (
				A406C2942AEDBB8D003E8377 /* Sources */,
				A406C2952AEDBB8D003E8377 /* Frameworks */,
				A406C2962AEDBB8D003E8377 /* Resources */,
			);
			buildRules = (
			);
			dependencies = (
				A406C29A2AEDBB8D003E8377 /* PBXTargetDependency */,
			);
			name = maalendurTests;
			productName = maalendurTests;
			productReference = A406C2982AEDBB8D003E8377 /* maalendurTests.xctest */;
			productType = "com.apple.product-type.bundle.unit-test";
		};
		A406C2A12AEDBB8D003E8377 /* maalendurUITests */ = {
			isa = PBXNativeTarget;
			buildConfigurationList = A406C2B22AEDBB8D003E8377 /* Build configuration list for PBXNativeTarget "maalendurUITests" */;
			buildPhases = (
				A406C29E2AEDBB8D003E8377 /* Sources */,
				A406C29F2AEDBB8D003E8377 /* Frameworks */,
				A406C2A02AEDBB8D003E8377 /* Resources */,
			);
			buildRules = (
			);
			dependencies = (
				A406C2A42AEDBB8D003E8377 /* PBXTargetDependency */,
			);
			name = maalendurUITests;
			productName = maalendurUITests;
			productReference = A406C2A22AEDBB8D003E8377 /* maalendurUITests.xctest */;
			productType = "com.apple.product-type.bundle.ui-testing";
		};
/* End PBXNativeTarget section */

/* Begin PBXProject section */
		A406C27E2AEDBB8C003E8377 /* Project object */ = {
			isa = PBXProject;
			attributes = {
				BuildIndependentTargetsInParallel = 1;
				LastSwiftUpdateCheck = 1500;
				LastUpgradeCheck = 1500;
				TargetAttributes = {
					A406C2852AEDBB8C003E8377 = {
						CreatedOnToolsVersion = 15.0.1;
					};
					A406C2972AEDBB8D003E8377 = {
						CreatedOnToolsVersion = 15.0.1;
						TestTargetID = A406C2852AEDBB8C003E8377;
					};
					A406C2A12AEDBB8D003E8377 = {
						CreatedOnToolsVersion = 15.0.1;
						TestTargetID = A406C2852AEDBB8C003E8377;
					};
				};
			};
			buildConfigurationList = A406C2812AEDBB8C003E8377 /* Build configuration list for PBXProject "maalendur" */;
			compatibilityVersion = "Xcode 14.0";
			developmentRegion = en;
			hasScannedForEncodings = 0;
			knownRegions = (
				en,
				Base,
				cs,
			);
			mainGroup = A406C27D2AEDBB8C003E8377;
			productRefGroup = A406C2872AEDBB8C003E8377 /* Products */;
			projectDirPath = "";
			projectRoot = "";
			targets = (
				A406C2852AEDBB8C003E8377 /* maalendur */,
				A406C2972AEDBB8D003E8377 /* maalendurTests */,
				A406C2A12AEDBB8D003E8377 /* maalendurUITests */,
			);
		};
/* End PBXProject section */

/* Begin PBXResourcesBuildPhase section */
		A406C2842AEDBB8C003E8377 /* Resources */ = {
			isa = PBXResourcesBuildPhase;
			buildActionMask = 2147483647;
			files = (
				A406C2932AEDBB8D003E8377 /* Preview Assets.xcassets in Resources */,
				A406C2902AEDBB8D003E8377 /* Assets.xcassets in Resources */,
				A4250F302AF5A459001AFD5B /* Localizable.xcstrings in Resources */,
			);
			runOnlyForDeploymentPostprocessing = 0;
		};
		A406C2962AEDBB8D003E8377 /* Resources */ = {
			isa = PBXResourcesBuildPhase;
			buildActionMask = 2147483647;
			files = (
			);
			runOnlyForDeploymentPostprocessing = 0;
		};
		A406C2A02AEDBB8D003E8377 /* Resources */ = {
			isa = PBXResourcesBuildPhase;
			buildActionMask = 2147483647;
			files = (
			);
			runOnlyForDeploymentPostprocessing = 0;
		};
/* End PBXResourcesBuildPhase section */

/* Begin PBXSourcesBuildPhase section */
		A406C2822AEDBB8C003E8377 /* Sources */ = {
			isa = PBXSourcesBuildPhase;
			buildActionMask = 2147483647;
			files = (
				A424DACD2AF6FF970078C901 /* EditGlycemiaLogRecord.swift in Sources */,
				A413F4222AFD7D1E008DE370 /* DateExtension.swift in Sources */,
				A40D9E5F2AF30B1E00E0603B /* GlycemiaLogView.swift in Sources */,
				A406C28C2AEDBB8C003E8377 /* HomeView.swift in Sources */,
				A4C976E82AEDDE2D00B24C38 /* MeasurementDaytime.swift in Sources */,
				A45EAF4A2B022E02002DC9B2 /* GlycemiaListElementView.swift in Sources */,
				A406C28E2AEDBB8C003E8377 /* GlycemiaLogRecord.swift in Sources */,
				A4396B362AEF0EFA00B17470 /* ButtonLabelBasicStyle.swift in Sources */,
				A406C28A2AEDBB8C003E8377 /* maalendurApp.swift in Sources */,
				A498F2C72AFAFB4100DE8A4F /* TimeFormatService.swift in Sources */,
				A42B680D2AFC2BDF003D5DB3 /* GlycemiaSetFilterView.swift in Sources */,
				A4C1D85D2B010D6100FA35B7 /* ButtonLabelDisabledStyle.swift in Sources */,
			);
			runOnlyForDeploymentPostprocessing = 0;
		};
		A406C2942AEDBB8D003E8377 /* Sources */ = {
			isa = PBXSourcesBuildPhase;
			buildActionMask = 2147483647;
			files = (
				A406C29D2AEDBB8D003E8377 /* maalendurTests.swift in Sources */,
			);
			runOnlyForDeploymentPostprocessing = 0;
		};
		A406C29E2AEDBB8D003E8377 /* Sources */ = {
			isa = PBXSourcesBuildPhase;
			buildActionMask = 2147483647;
			files = (
				A406C2A92AEDBB8D003E8377 /* maalendurUITestsLaunchTests.swift in Sources */,
				A406C2A72AEDBB8D003E8377 /* maalendurUITests.swift in Sources */,
			);
			runOnlyForDeploymentPostprocessing = 0;
		};
/* End PBXSourcesBuildPhase section */

/* Begin PBXTargetDependency section */
		A406C29A2AEDBB8D003E8377 /* PBXTargetDependency */ = {
			isa = PBXTargetDependency;
			target = A406C2852AEDBB8C003E8377 /* maalendur */;
			targetProxy = A406C2992AEDBB8D003E8377 /* PBXContainerItemProxy */;
		};
		A406C2A42AEDBB8D003E8377 /* PBXTargetDependency */ = {
			isa = PBXTargetDependency;
			target = A406C2852AEDBB8C003E8377 /* maalendur */;
			targetProxy = A406C2A32AEDBB8D003E8377 /* PBXContainerItemProxy */;
		};
/* End PBXTargetDependency section */

/* Begin XCBuildConfiguration section */
		A406C2AA2AEDBB8D003E8377 /* Debug */ = {
			isa = XCBuildConfiguration;
			buildSettings = {
				ALWAYS_SEARCH_USER_PATHS = NO;
				ASSETCATALOG_COMPILER_GENERATE_SWIFT_ASSET_SYMBOL_EXTENSIONS = YES;
				CLANG_ANALYZER_NONNULL = YES;
				CLANG_ANALYZER_NUMBER_OBJECT_CONVERSION = YES_AGGRESSIVE;
				CLANG_CXX_LANGUAGE_STANDARD = "gnu++20";
				CLANG_ENABLE_MODULES = YES;
				CLANG_ENABLE_OBJC_ARC = YES;
				CLANG_ENABLE_OBJC_WEAK = YES;
				CLANG_WARN_BLOCK_CAPTURE_AUTORELEASING = YES;
				CLANG_WARN_BOOL_CONVERSION = YES;
				CLANG_WARN_COMMA = YES;
				CLANG_WARN_CONSTANT_CONVERSION = YES;
				CLANG_WARN_DEPRECATED_OBJC_IMPLEMENTATIONS = YES;
				CLANG_WARN_DIRECT_OBJC_ISA_USAGE = YES_ERROR;
				CLANG_WARN_DOCUMENTATION_COMMENTS = YES;
				CLANG_WARN_EMPTY_BODY = YES;
				CLANG_WARN_ENUM_CONVERSION = YES;
				CLANG_WARN_INFINITE_RECURSION = YES;
				CLANG_WARN_INT_CONVERSION = YES;
				CLANG_WARN_NON_LITERAL_NULL_CONVERSION = YES;
				CLANG_WARN_OBJC_IMPLICIT_RETAIN_SELF = YES;
				CLANG_WARN_OBJC_LITERAL_CONVERSION = YES;
				CLANG_WARN_OBJC_ROOT_CLASS = YES_ERROR;
				CLANG_WARN_QUOTED_INCLUDE_IN_FRAMEWORK_HEADER = YES;
				CLANG_WARN_RANGE_LOOP_ANALYSIS = YES;
				CLANG_WARN_STRICT_PROTOTYPES = YES;
				CLANG_WARN_SUSPICIOUS_MOVE = YES;
				CLANG_WARN_UNGUARDED_AVAILABILITY = YES_AGGRESSIVE;
				CLANG_WARN_UNREACHABLE_CODE = YES;
				CLANG_WARN__DUPLICATE_METHOD_MATCH = YES;
				COPY_PHASE_STRIP = NO;
				DEBUG_INFORMATION_FORMAT = dwarf;
				ENABLE_STRICT_OBJC_MSGSEND = YES;
				ENABLE_TESTABILITY = YES;
				ENABLE_USER_SCRIPT_SANDBOXING = YES;
				GCC_C_LANGUAGE_STANDARD = gnu17;
				GCC_DYNAMIC_NO_PIC = NO;
				GCC_NO_COMMON_BLOCKS = YES;
				GCC_OPTIMIZATION_LEVEL = 0;
				GCC_PREPROCESSOR_DEFINITIONS = (
					"DEBUG=1",
					"$(inherited)",
				);
				GCC_WARN_64_TO_32_BIT_CONVERSION = YES;
				GCC_WARN_ABOUT_RETURN_TYPE = YES_ERROR;
				GCC_WARN_UNDECLARED_SELECTOR = YES;
				GCC_WARN_UNINITIALIZED_AUTOS = YES_AGGRESSIVE;
				GCC_WARN_UNUSED_FUNCTION = YES;
				GCC_WARN_UNUSED_VARIABLE = YES;
				IPHONEOS_DEPLOYMENT_TARGET = 17.0;
				LOCALIZATION_PREFERS_STRING_CATALOGS = YES;
				MTL_ENABLE_DEBUG_INFO = INCLUDE_SOURCE;
				MTL_FAST_MATH = YES;
				ONLY_ACTIVE_ARCH = YES;
				SDKROOT = iphoneos;
				SWIFT_ACTIVE_COMPILATION_CONDITIONS = "DEBUG $(inherited)";
				SWIFT_OPTIMIZATION_LEVEL = "-Onone";
			};
			name = Debug;
		};
		A406C2AB2AEDBB8D003E8377 /* Release */ = {
			isa = XCBuildConfiguration;
			buildSettings = {
				ALWAYS_SEARCH_USER_PATHS = NO;
				ASSETCATALOG_COMPILER_GENERATE_SWIFT_ASSET_SYMBOL_EXTENSIONS = YES;
				CLANG_ANALYZER_NONNULL = YES;
				CLANG_ANALYZER_NUMBER_OBJECT_CONVERSION = YES_AGGRESSIVE;
				CLANG_CXX_LANGUAGE_STANDARD = "gnu++20";
				CLANG_ENABLE_MODULES = YES;
				CLANG_ENABLE_OBJC_ARC = YES;
				CLANG_ENABLE_OBJC_WEAK = YES;
				CLANG_WARN_BLOCK_CAPTURE_AUTORELEASING = YES;
				CLANG_WARN_BOOL_CONVERSION = YES;
				CLANG_WARN_COMMA = YES;
				CLANG_WARN_CONSTANT_CONVERSION = YES;
				CLANG_WARN_DEPRECATED_OBJC_IMPLEMENTATIONS = YES;
				CLANG_WARN_DIRECT_OBJC_ISA_USAGE = YES_ERROR;
				CLANG_WARN_DOCUMENTATION_COMMENTS = YES;
				CLANG_WARN_EMPTY_BODY = YES;
				CLANG_WARN_ENUM_CONVERSION = YES;
				CLANG_WARN_INFINITE_RECURSION = YES;
				CLANG_WARN_INT_CONVERSION = YES;
				CLANG_WARN_NON_LITERAL_NULL_CONVERSION = YES;
				CLANG_WARN_OBJC_IMPLICIT_RETAIN_SELF = YES;
				CLANG_WARN_OBJC_LITERAL_CONVERSION = YES;
				CLANG_WARN_OBJC_ROOT_CLASS = YES_ERROR;
				CLANG_WARN_QUOTED_INCLUDE_IN_FRAMEWORK_HEADER = YES;
				CLANG_WARN_RANGE_LOOP_ANALYSIS = YES;
				CLANG_WARN_STRICT_PROTOTYPES = YES;
				CLANG_WARN_SUSPICIOUS_MOVE = YES;
				CLANG_WARN_UNGUARDED_AVAILABILITY = YES_AGGRESSIVE;
				CLANG_WARN_UNREACHABLE_CODE = YES;
				CLANG_WARN__DUPLICATE_METHOD_MATCH = YES;
				COPY_PHASE_STRIP = NO;
				DEBUG_INFORMATION_FORMAT = "dwarf-with-dsym";
				ENABLE_NS_ASSERTIONS = NO;
				ENABLE_STRICT_OBJC_MSGSEND = YES;
				ENABLE_USER_SCRIPT_SANDBOXING = YES;
				GCC_C_LANGUAGE_STANDARD = gnu17;
				GCC_NO_COMMON_BLOCKS = YES;
				GCC_WARN_64_TO_32_BIT_CONVERSION = YES;
				GCC_WARN_ABOUT_RETURN_TYPE = YES_ERROR;
				GCC_WARN_UNDECLARED_SELECTOR = YES;
				GCC_WARN_UNINITIALIZED_AUTOS = YES_AGGRESSIVE;
				GCC_WARN_UNUSED_FUNCTION = YES;
				GCC_WARN_UNUSED_VARIABLE = YES;
				IPHONEOS_DEPLOYMENT_TARGET = 17.0;
				LOCALIZATION_PREFERS_STRING_CATALOGS = YES;
				MTL_ENABLE_DEBUG_INFO = NO;
				MTL_FAST_MATH = YES;
				SDKROOT = iphoneos;
				SWIFT_COMPILATION_MODE = wholemodule;
				VALIDATE_PRODUCT = YES;
			};
			name = Release;
		};
		A406C2AD2AEDBB8D003E8377 /* Debug */ = {
			isa = XCBuildConfiguration;
			buildSettings = {
				ASSETCATALOG_COMPILER_APPICON_NAME = AppIcon;
				ASSETCATALOG_COMPILER_GLOBAL_ACCENT_COLOR_NAME = AccentColor;
				CODE_SIGN_ENTITLEMENTS = maalendur/maalendur.entitlements;
				CODE_SIGN_STYLE = Automatic;
				CURRENT_PROJECT_VERSION = 1;
				DEVELOPMENT_ASSET_PATHS = "\"maalendur/Preview Content\"";
				DEVELOPMENT_TEAM = 765T8HLQ5T;
				ENABLE_PREVIEWS = YES;
				GENERATE_INFOPLIST_FILE = YES;
				INFOPLIST_FILE = maalendur/Info.plist;
				INFOPLIST_KEY_CFBundleDisplayName = Maalendur;
				INFOPLIST_KEY_LSApplicationCategoryType = "public.app-category.healthcare-fitness";
				INFOPLIST_KEY_UIApplicationSceneManifest_Generation = YES;
				INFOPLIST_KEY_UIApplicationSupportsIndirectInputEvents = YES;
				INFOPLIST_KEY_UILaunchScreen_Generation = YES;
				INFOPLIST_KEY_UISupportedInterfaceOrientations = UIInterfaceOrientationPortrait;
				INFOPLIST_KEY_UISupportedInterfaceOrientations_iPad = "UIInterfaceOrientationLandscapeLeft UIInterfaceOrientationLandscapeRight UIInterfaceOrientationPortrait UIInterfaceOrientationPortraitUpsideDown";
				IPHONEOS_DEPLOYMENT_TARGET = 17.0;
				LD_RUNPATH_SEARCH_PATHS = (
					"$(inherited)",
					"@executable_path/Frameworks",
				);
				MARKETING_VERSION = 0.5;
				PRODUCT_BUNDLE_IDENTIFIER = com.rakdavid.maalendur;
				PRODUCT_NAME = "$(TARGET_NAME)";
				SUPPORTED_PLATFORMS = "iphoneos iphonesimulator";
				SUPPORTS_MACCATALYST = NO;
				SUPPORTS_MAC_DESIGNED_FOR_IPHONE_IPAD = NO;
				SWIFT_EMIT_LOC_STRINGS = YES;
				SWIFT_VERSION = 5.0;
				TARGETED_DEVICE_FAMILY = 1;
			};
			name = Debug;
		};
		A406C2AE2AEDBB8D003E8377 /* Release */ = {
			isa = XCBuildConfiguration;
			buildSettings = {
				ASSETCATALOG_COMPILER_APPICON_NAME = AppIcon;
				ASSETCATALOG_COMPILER_GLOBAL_ACCENT_COLOR_NAME = AccentColor;
				CODE_SIGN_ENTITLEMENTS = maalendur/maalendur.entitlements;
				CODE_SIGN_STYLE = Automatic;
				CURRENT_PROJECT_VERSION = 1;
				DEVELOPMENT_ASSET_PATHS = "\"maalendur/Preview Content\"";
				DEVELOPMENT_TEAM = 765T8HLQ5T;
				ENABLE_PREVIEWS = YES;
				GENERATE_INFOPLIST_FILE = YES;
				INFOPLIST_FILE = maalendur/Info.plist;
				INFOPLIST_KEY_CFBundleDisplayName = Maalendur;
				INFOPLIST_KEY_LSApplicationCategoryType = "public.app-category.healthcare-fitness";
				INFOPLIST_KEY_UIApplicationSceneManifest_Generation = YES;
				INFOPLIST_KEY_UIApplicationSupportsIndirectInputEvents = YES;
				INFOPLIST_KEY_UILaunchScreen_Generation = YES;
				INFOPLIST_KEY_UISupportedInterfaceOrientations = UIInterfaceOrientationPortrait;
				INFOPLIST_KEY_UISupportedInterfaceOrientations_iPad = "UIInterfaceOrientationLandscapeLeft UIInterfaceOrientationLandscapeRight UIInterfaceOrientationPortrait UIInterfaceOrientationPortraitUpsideDown";
				IPHONEOS_DEPLOYMENT_TARGET = 17.0;
				LD_RUNPATH_SEARCH_PATHS = (
					"$(inherited)",
					"@executable_path/Frameworks",
				);
				MARKETING_VERSION = 0.5;
				PRODUCT_BUNDLE_IDENTIFIER = com.rakdavid.maalendur;
				PRODUCT_NAME = "$(TARGET_NAME)";
				SUPPORTED_PLATFORMS = "iphoneos iphonesimulator";
				SUPPORTS_MACCATALYST = NO;
				SUPPORTS_MAC_DESIGNED_FOR_IPHONE_IPAD = NO;
				SWIFT_EMIT_LOC_STRINGS = YES;
				SWIFT_VERSION = 5.0;
				TARGETED_DEVICE_FAMILY = 1;
			};
			name = Release;
		};
		A406C2B02AEDBB8D003E8377 /* Debug */ = {
			isa = XCBuildConfiguration;
			buildSettings = {
				ALWAYS_EMBED_SWIFT_STANDARD_LIBRARIES = YES;
				BUNDLE_LOADER = "$(TEST_HOST)";
				CODE_SIGN_STYLE = Automatic;
				CURRENT_PROJECT_VERSION = 1;
				DEVELOPMENT_TEAM = 765T8HLQ5T;
				GENERATE_INFOPLIST_FILE = YES;
				IPHONEOS_DEPLOYMENT_TARGET = 17.0;
				MARKETING_VERSION = 1.0;
				PRODUCT_BUNDLE_IDENTIFIER = com.rakdavid.maalendurTests;
				PRODUCT_NAME = "$(TARGET_NAME)";
				SWIFT_EMIT_LOC_STRINGS = NO;
				SWIFT_VERSION = 5.0;
				TARGETED_DEVICE_FAMILY = "1,2";
				TEST_HOST = "$(BUILT_PRODUCTS_DIR)/maalendur.app/$(BUNDLE_EXECUTABLE_FOLDER_PATH)/maalendur";
			};
			name = Debug;
		};
		A406C2B12AEDBB8D003E8377 /* Release */ = {
			isa = XCBuildConfiguration;
			buildSettings = {
				ALWAYS_EMBED_SWIFT_STANDARD_LIBRARIES = YES;
				BUNDLE_LOADER = "$(TEST_HOST)";
				CODE_SIGN_STYLE = Automatic;
				CURRENT_PROJECT_VERSION = 1;
				DEVELOPMENT_TEAM = 765T8HLQ5T;
				GENERATE_INFOPLIST_FILE = YES;
				IPHONEOS_DEPLOYMENT_TARGET = 17.0;
				MARKETING_VERSION = 1.0;
				PRODUCT_BUNDLE_IDENTIFIER = com.rakdavid.maalendurTests;
				PRODUCT_NAME = "$(TARGET_NAME)";
				SWIFT_EMIT_LOC_STRINGS = NO;
				SWIFT_VERSION = 5.0;
				TARGETED_DEVICE_FAMILY = "1,2";
				TEST_HOST = "$(BUILT_PRODUCTS_DIR)/maalendur.app/$(BUNDLE_EXECUTABLE_FOLDER_PATH)/maalendur";
			};
			name = Release;
		};
		A406C2B32AEDBB8D003E8377 /* Debug */ = {
			isa = XCBuildConfiguration;
			buildSettings = {
				ALWAYS_EMBED_SWIFT_STANDARD_LIBRARIES = YES;
				CODE_SIGN_STYLE = Automatic;
				CURRENT_PROJECT_VERSION = 1;
				DEVELOPMENT_TEAM = 765T8HLQ5T;
				GENERATE_INFOPLIST_FILE = YES;
				MARKETING_VERSION = 1.0;
				PRODUCT_BUNDLE_IDENTIFIER = com.rakdavid.maalendurUITests;
				PRODUCT_NAME = "$(TARGET_NAME)";
				SWIFT_EMIT_LOC_STRINGS = NO;
				SWIFT_VERSION = 5.0;
				TARGETED_DEVICE_FAMILY = "1,2";
				TEST_TARGET_NAME = maalendur;
			};
			name = Debug;
		};
		A406C2B42AEDBB8D003E8377 /* Release */ = {
			isa = XCBuildConfiguration;
			buildSettings = {
				ALWAYS_EMBED_SWIFT_STANDARD_LIBRARIES = YES;
				CODE_SIGN_STYLE = Automatic;
				CURRENT_PROJECT_VERSION = 1;
				DEVELOPMENT_TEAM = 765T8HLQ5T;
				GENERATE_INFOPLIST_FILE = YES;
				MARKETING_VERSION = 1.0;
				PRODUCT_BUNDLE_IDENTIFIER = com.rakdavid.maalendurUITests;
				PRODUCT_NAME = "$(TARGET_NAME)";
				SWIFT_EMIT_LOC_STRINGS = NO;
				SWIFT_VERSION = 5.0;
				TARGETED_DEVICE_FAMILY = "1,2";
				TEST_TARGET_NAME = maalendur;
			};
			name = Release;
		};
/* End XCBuildConfiguration section */

/* Begin XCConfigurationList section */
		A406C2812AEDBB8C003E8377 /* Build configuration list for PBXProject "maalendur" */ = {
			isa = XCConfigurationList;
			buildConfigurations = (
				A406C2AA2AEDBB8D003E8377 /* Debug */,
				A406C2AB2AEDBB8D003E8377 /* Release */,
			);
			defaultConfigurationIsVisible = 0;
			defaultConfigurationName = Release;
		};
		A406C2AC2AEDBB8D003E8377 /* Build configuration list for PBXNativeTarget "maalendur" */ = {
			isa = XCConfigurationList;
			buildConfigurations = (
				A406C2AD2AEDBB8D003E8377 /* Debug */,
				A406C2AE2AEDBB8D003E8377 /* Release */,
			);
			defaultConfigurationIsVisible = 0;
			defaultConfigurationName = Release;
		};
		A406C2AF2AEDBB8D003E8377 /* Build configuration list for PBXNativeTarget "maalendurTests" */ = {
			isa = XCConfigurationList;
			buildConfigurations = (
				A406C2B02AEDBB8D003E8377 /* Debug */,
				A406C2B12AEDBB8D003E8377 /* Release */,
			);
			defaultConfigurationIsVisible = 0;
			defaultConfigurationName = Release;
		};
		A406C2B22AEDBB8D003E8377 /* Build configuration list for PBXNativeTarget "maalendurUITests" */ = {
			isa = XCConfigurationList;
			buildConfigurations = (
				A406C2B32AEDBB8D003E8377 /* Debug */,
				A406C2B42AEDBB8D003E8377 /* Release */,
			);
			defaultConfigurationIsVisible = 0;
			defaultConfigurationName = Release;
		};
/* End XCConfigurationList section */
	};
	rootObject = A406C27E2AEDBB8C003E8377 /* Project object */;
}
